# This file is automatically @generated by Poetry and should not be changed by hand.

[[package]]
name = "aiorun"
version = "2022.11.1"
description = "Boilerplate for asyncio applications"
category = "main"
optional = false
python-versions = ">=3.5"
files = [
    {file = "aiorun-2022.11.1-py3-none-any.whl", hash = "sha256:8fbfc2aab258021deef2b1f38284c652af9fd3710e94c7b0e736a55d161fa0cb"},
    {file = "aiorun-2022.11.1.tar.gz", hash = "sha256:d820cebffdea82f9c1750cc396f3a58e4c0d277a2c51f11e86ed6ab7736dce59"},
]

[package.extras]
dev = ["pytest", "pytest-cov"]

[[package]]
name = "cachetools"
version = "5.3.0"
description = "Extensible memoizing collections and decorators"
category = "main"
optional = false
python-versions = "~=3.7"
files = [
    {file = "cachetools-5.3.0-py3-none-any.whl", hash = "sha256:429e1a1e845c008ea6c85aa35d4b98b65d6a9763eeef3e37e92728a12d1de9d4"},
    {file = "cachetools-5.3.0.tar.gz", hash = "sha256:13dfddc7b8df938c21a940dfa6557ce6e94a2f1cdfa58eb90c805721d58f2c14"},
]

[[package]]
name = "certifi"
version = "2022.12.7"
description = "Python package for providing Mozilla's CA Bundle."
category = "main"
optional = false
python-versions = ">=3.6"
files = [
    {file = "certifi-2022.12.7-py3-none-any.whl", hash = "sha256:4ad3232f5e926d6718ec31cfc1fcadfde020920e278684144551c91769c7bc18"},
    {file = "certifi-2022.12.7.tar.gz", hash = "sha256:35824b4c3a97115964b408844d64aa14db1cc518f6562e8d7261699d1350a9e3"},
]

[[package]]
name = "charset-normalizer"
version = "3.0.1"
description = "The Real First Universal Charset Detector. Open, modern and actively maintained alternative to Chardet."
category = "main"
optional = false
python-versions = "*"
files = [
    {file = "charset-normalizer-3.0.1.tar.gz", hash = "sha256:ebea339af930f8ca5d7a699b921106c6e29c617fe9606fa7baa043c1cdae326f"},
    {file = "charset_normalizer-3.0.1-cp310-cp310-macosx_10_9_universal2.whl", hash = "sha256:88600c72ef7587fe1708fd242b385b6ed4b8904976d5da0893e31df8b3480cb6"},
    {file = "charset_normalizer-3.0.1-cp310-cp310-macosx_10_9_x86_64.whl", hash = "sha256:c75ffc45f25324e68ab238cb4b5c0a38cd1c3d7f1fb1f72b5541de469e2247db"},
    {file = "charset_normalizer-3.0.1-cp310-cp310-macosx_11_0_arm64.whl", hash = "sha256:db72b07027db150f468fbada4d85b3b2729a3db39178abf5c543b784c1254539"},
    {file = "charset_normalizer-3.0.1-cp310-cp310-manylinux_2_17_aarch64.manylinux2014_aarch64.whl", hash = "sha256:62595ab75873d50d57323a91dd03e6966eb79c41fa834b7a1661ed043b2d404d"},
    {file = "charset_normalizer-3.0.1-cp310-cp310-manylinux_2_17_ppc64le.manylinux2014_ppc64le.whl", hash = "sha256:ff6f3db31555657f3163b15a6b7c6938d08df7adbfc9dd13d9d19edad678f1e8"},
    {file = "charset_normalizer-3.0.1-cp310-cp310-manylinux_2_17_s390x.manylinux2014_s390x.whl", hash = "sha256:772b87914ff1152b92a197ef4ea40efe27a378606c39446ded52c8f80f79702e"},
    {file = "charset_normalizer-3.0.1-cp310-cp310-manylinux_2_17_x86_64.manylinux2014_x86_64.whl", hash = "sha256:70990b9c51340e4044cfc394a81f614f3f90d41397104d226f21e66de668730d"},
    {file = "charset_normalizer-3.0.1-cp310-cp310-manylinux_2_5_i686.manylinux1_i686.manylinux_2_17_i686.manylinux2014_i686.whl", hash = "sha256:292d5e8ba896bbfd6334b096e34bffb56161c81408d6d036a7dfa6929cff8783"},
    {file = "charset_normalizer-3.0.1-cp310-cp310-musllinux_1_1_aarch64.whl", hash = "sha256:2edb64ee7bf1ed524a1da60cdcd2e1f6e2b4f66ef7c077680739f1641f62f555"},
    {file = "charset_normalizer-3.0.1-cp310-cp310-musllinux_1_1_i686.whl", hash = "sha256:31a9ddf4718d10ae04d9b18801bd776693487cbb57d74cc3458a7673f6f34639"},
    {file = "charset_normalizer-3.0.1-cp310-cp310-musllinux_1_1_ppc64le.whl", hash = "sha256:44ba614de5361b3e5278e1241fda3dc1838deed864b50a10d7ce92983797fa76"},
    {file = "charset_normalizer-3.0.1-cp310-cp310-musllinux_1_1_s390x.whl", hash = "sha256:12db3b2c533c23ab812c2b25934f60383361f8a376ae272665f8e48b88e8e1c6"},
    {file = "charset_normalizer-3.0.1-cp310-cp310-musllinux_1_1_x86_64.whl", hash = "sha256:c512accbd6ff0270939b9ac214b84fb5ada5f0409c44298361b2f5e13f9aed9e"},
    {file = "charset_normalizer-3.0.1-cp310-cp310-win32.whl", hash = "sha256:502218f52498a36d6bf5ea77081844017bf7982cdbe521ad85e64cabee1b608b"},
    {file = "charset_normalizer-3.0.1-cp310-cp310-win_amd64.whl", hash = "sha256:601f36512f9e28f029d9481bdaf8e89e5148ac5d89cffd3b05cd533eeb423b59"},
    {file = "charset_normalizer-3.0.1-cp311-cp311-macosx_10_9_universal2.whl", hash = "sha256:0298eafff88c99982a4cf66ba2efa1128e4ddaca0b05eec4c456bbc7db691d8d"},
    {file = "charset_normalizer-3.0.1-cp311-cp311-macosx_10_9_x86_64.whl", hash = "sha256:a8d0fc946c784ff7f7c3742310cc8a57c5c6dc31631269876a88b809dbeff3d3"},
    {file = "charset_normalizer-3.0.1-cp311-cp311-macosx_11_0_arm64.whl", hash = "sha256:87701167f2a5c930b403e9756fab1d31d4d4da52856143b609e30a1ce7160f3c"},
    {file = "charset_normalizer-3.0.1-cp311-cp311-manylinux_2_17_aarch64.manylinux2014_aarch64.whl", hash = "sha256:14e76c0f23218b8f46c4d87018ca2e441535aed3632ca134b10239dfb6dadd6b"},
    {file = "charset_normalizer-3.0.1-cp311-cp311-manylinux_2_17_ppc64le.manylinux2014_ppc64le.whl", hash = "sha256:0c0a590235ccd933d9892c627dec5bc7511ce6ad6c1011fdf5b11363022746c1"},
    {file = "charset_normalizer-3.0.1-cp311-cp311-manylinux_2_17_s390x.manylinux2014_s390x.whl", hash = "sha256:8c7fe7afa480e3e82eed58e0ca89f751cd14d767638e2550c77a92a9e749c317"},
    {file = "charset_normalizer-3.0.1-cp311-cp311-manylinux_2_17_x86_64.manylinux2014_x86_64.whl", hash = "sha256:79909e27e8e4fcc9db4addea88aa63f6423ebb171db091fb4373e3312cb6d603"},
    {file = "charset_normalizer-3.0.1-cp311-cp311-manylinux_2_5_i686.manylinux1_i686.manylinux_2_17_i686.manylinux2014_i686.whl", hash = "sha256:8ac7b6a045b814cf0c47f3623d21ebd88b3e8cf216a14790b455ea7ff0135d18"},
    {file = "charset_normalizer-3.0.1-cp311-cp311-musllinux_1_1_aarch64.whl", hash = "sha256:72966d1b297c741541ca8cf1223ff262a6febe52481af742036a0b296e35fa5a"},
    {file = "charset_normalizer-3.0.1-cp311-cp311-musllinux_1_1_i686.whl", hash = "sha256:f9d0c5c045a3ca9bedfc35dca8526798eb91a07aa7a2c0fee134c6c6f321cbd7"},
    {file = "charset_normalizer-3.0.1-cp311-cp311-musllinux_1_1_ppc64le.whl", hash = "sha256:5995f0164fa7df59db4746112fec3f49c461dd6b31b841873443bdb077c13cfc"},
    {file = "charset_normalizer-3.0.1-cp311-cp311-musllinux_1_1_s390x.whl", hash = "sha256:4a8fcf28c05c1f6d7e177a9a46a1c52798bfe2ad80681d275b10dcf317deaf0b"},
    {file = "charset_normalizer-3.0.1-cp311-cp311-musllinux_1_1_x86_64.whl", hash = "sha256:761e8904c07ad053d285670f36dd94e1b6ab7f16ce62b9805c475b7aa1cffde6"},
    {file = "charset_normalizer-3.0.1-cp311-cp311-win32.whl", hash = "sha256:71140351489970dfe5e60fc621ada3e0f41104a5eddaca47a7acb3c1b851d6d3"},
    {file = "charset_normalizer-3.0.1-cp311-cp311-win_amd64.whl", hash = "sha256:9ab77acb98eba3fd2a85cd160851816bfce6871d944d885febf012713f06659c"},
    {file = "charset_normalizer-3.0.1-cp36-cp36m-macosx_10_9_x86_64.whl", hash = "sha256:84c3990934bae40ea69a82034912ffe5a62c60bbf6ec5bc9691419641d7d5c9a"},
    {file = "charset_normalizer-3.0.1-cp36-cp36m-manylinux_2_17_aarch64.manylinux2014_aarch64.whl", hash = "sha256:74292fc76c905c0ef095fe11e188a32ebd03bc38f3f3e9bcb85e4e6db177b7ea"},
    {file = "charset_normalizer-3.0.1-cp36-cp36m-manylinux_2_17_ppc64le.manylinux2014_ppc64le.whl", hash = "sha256:c95a03c79bbe30eec3ec2b7f076074f4281526724c8685a42872974ef4d36b72"},
    {file = "charset_normalizer-3.0.1-cp36-cp36m-manylinux_2_17_s390x.manylinux2014_s390x.whl", hash = "sha256:f4c39b0e3eac288fedc2b43055cfc2ca7a60362d0e5e87a637beac5d801ef478"},
    {file = "charset_normalizer-3.0.1-cp36-cp36m-manylinux_2_17_x86_64.manylinux2014_x86_64.whl", hash = "sha256:df2c707231459e8a4028eabcd3cfc827befd635b3ef72eada84ab13b52e1574d"},
    {file = "charset_normalizer-3.0.1-cp36-cp36m-manylinux_2_5_i686.manylinux1_i686.manylinux_2_17_i686.manylinux2014_i686.whl", hash = "sha256:93ad6d87ac18e2a90b0fe89df7c65263b9a99a0eb98f0a3d2e079f12a0735837"},
    {file = "charset_normalizer-3.0.1-cp36-cp36m-musllinux_1_1_aarch64.whl", hash = "sha256:59e5686dd847347e55dffcc191a96622f016bc0ad89105e24c14e0d6305acbc6"},
    {file = "charset_normalizer-3.0.1-cp36-cp36m-musllinux_1_1_i686.whl", hash = "sha256:cd6056167405314a4dc3c173943f11249fa0f1b204f8b51ed4bde1a9cd1834dc"},
    {file = "charset_normalizer-3.0.1-cp36-cp36m-musllinux_1_1_ppc64le.whl", hash = "sha256:083c8d17153ecb403e5e1eb76a7ef4babfc2c48d58899c98fcaa04833e7a2f9a"},
    {file = "charset_normalizer-3.0.1-cp36-cp36m-musllinux_1_1_s390x.whl", hash = "sha256:f5057856d21e7586765171eac8b9fc3f7d44ef39425f85dbcccb13b3ebea806c"},
    {file = "charset_normalizer-3.0.1-cp36-cp36m-musllinux_1_1_x86_64.whl", hash = "sha256:7eb33a30d75562222b64f569c642ff3dc6689e09adda43a082208397f016c39a"},
    {file = "charset_normalizer-3.0.1-cp36-cp36m-win32.whl", hash = "sha256:95dea361dd73757c6f1c0a1480ac499952c16ac83f7f5f4f84f0658a01b8ef41"},
    {file = "charset_normalizer-3.0.1-cp36-cp36m-win_amd64.whl", hash = "sha256:eaa379fcd227ca235d04152ca6704c7cb55564116f8bc52545ff357628e10602"},
    {file = "charset_normalizer-3.0.1-cp37-cp37m-macosx_10_9_x86_64.whl", hash = "sha256:3e45867f1f2ab0711d60c6c71746ac53537f1684baa699f4f668d4c6f6ce8e14"},
    {file = "charset_normalizer-3.0.1-cp37-cp37m-manylinux_2_17_aarch64.manylinux2014_aarch64.whl", hash = "sha256:cadaeaba78750d58d3cc6ac4d1fd867da6fc73c88156b7a3212a3cd4819d679d"},
    {file = "charset_normalizer-3.0.1-cp37-cp37m-manylinux_2_17_ppc64le.manylinux2014_ppc64le.whl", hash = "sha256:911d8a40b2bef5b8bbae2e36a0b103f142ac53557ab421dc16ac4aafee6f53dc"},
    {file = "charset_normalizer-3.0.1-cp37-cp37m-manylinux_2_17_s390x.manylinux2014_s390x.whl", hash = "sha256:503e65837c71b875ecdd733877d852adbc465bd82c768a067badd953bf1bc5a3"},
    {file = "charset_normalizer-3.0.1-cp37-cp37m-manylinux_2_17_x86_64.manylinux2014_x86_64.whl", hash = "sha256:a60332922359f920193b1d4826953c507a877b523b2395ad7bc716ddd386d866"},
    {file = "charset_normalizer-3.0.1-cp37-cp37m-manylinux_2_5_i686.manylinux1_i686.manylinux_2_17_i686.manylinux2014_i686.whl", hash = "sha256:16a8663d6e281208d78806dbe14ee9903715361cf81f6d4309944e4d1e59ac5b"},
    {file = "charset_normalizer-3.0.1-cp37-cp37m-musllinux_1_1_aarch64.whl", hash = "sha256:a16418ecf1329f71df119e8a65f3aa68004a3f9383821edcb20f0702934d8087"},
    {file = "charset_normalizer-3.0.1-cp37-cp37m-musllinux_1_1_i686.whl", hash = "sha256:9d9153257a3f70d5f69edf2325357251ed20f772b12e593f3b3377b5f78e7ef8"},
    {file = "charset_normalizer-3.0.1-cp37-cp37m-musllinux_1_1_ppc64le.whl", hash = "sha256:02a51034802cbf38db3f89c66fb5d2ec57e6fe7ef2f4a44d070a593c3688667b"},
    {file = "charset_normalizer-3.0.1-cp37-cp37m-musllinux_1_1_s390x.whl", hash = "sha256:2e396d70bc4ef5325b72b593a72c8979999aa52fb8bcf03f701c1b03e1166918"},
    {file = "charset_normalizer-3.0.1-cp37-cp37m-musllinux_1_1_x86_64.whl", hash = "sha256:11b53acf2411c3b09e6af37e4b9005cba376c872503c8f28218c7243582df45d"},
    {file = "charset_normalizer-3.0.1-cp37-cp37m-win32.whl", hash = "sha256:0bf2dae5291758b6f84cf923bfaa285632816007db0330002fa1de38bfcb7154"},
    {file = "charset_normalizer-3.0.1-cp37-cp37m-win_amd64.whl", hash = "sha256:2c03cc56021a4bd59be889c2b9257dae13bf55041a3372d3295416f86b295fb5"},
    {file = "charset_normalizer-3.0.1-cp38-cp38-macosx_10_9_universal2.whl", hash = "sha256:024e606be3ed92216e2b6952ed859d86b4cfa52cd5bc5f050e7dc28f9b43ec42"},
    {file = "charset_normalizer-3.0.1-cp38-cp38-macosx_10_9_x86_64.whl", hash = "sha256:4b0d02d7102dd0f997580b51edc4cebcf2ab6397a7edf89f1c73b586c614272c"},
    {file = "charset_normalizer-3.0.1-cp38-cp38-macosx_11_0_arm64.whl", hash = "sha256:358a7c4cb8ba9b46c453b1dd8d9e431452d5249072e4f56cfda3149f6ab1405e"},
    {file = "charset_normalizer-3.0.1-cp38-cp38-manylinux_2_17_aarch64.manylinux2014_aarch64.whl", hash = "sha256:81d6741ab457d14fdedc215516665050f3822d3e56508921cc7239f8c8e66a58"},
    {file = "charset_normalizer-3.0.1-cp38-cp38-manylinux_2_17_ppc64le.manylinux2014_ppc64le.whl", hash = "sha256:8b8af03d2e37866d023ad0ddea594edefc31e827fee64f8de5611a1dbc373174"},
    {file = "charset_normalizer-3.0.1-cp38-cp38-manylinux_2_17_s390x.manylinux2014_s390x.whl", hash = "sha256:9cf4e8ad252f7c38dd1f676b46514f92dc0ebeb0db5552f5f403509705e24753"},
    {file = "charset_normalizer-3.0.1-cp38-cp38-manylinux_2_17_x86_64.manylinux2014_x86_64.whl", hash = "sha256:e696f0dd336161fca9adbb846875d40752e6eba585843c768935ba5c9960722b"},
    {file = "charset_normalizer-3.0.1-cp38-cp38-manylinux_2_5_i686.manylinux1_i686.manylinux_2_17_i686.manylinux2014_i686.whl", hash = "sha256:c22d3fe05ce11d3671297dc8973267daa0f938b93ec716e12e0f6dee81591dc1"},
    {file = "charset_normalizer-3.0.1-cp38-cp38-musllinux_1_1_aarch64.whl", hash = "sha256:109487860ef6a328f3eec66f2bf78b0b72400280d8f8ea05f69c51644ba6521a"},
    {file = "charset_normalizer-3.0.1-cp38-cp38-musllinux_1_1_i686.whl", hash = "sha256:37f8febc8ec50c14f3ec9637505f28e58d4f66752207ea177c1d67df25da5aed"},
    {file = "charset_normalizer-3.0.1-cp38-cp38-musllinux_1_1_ppc64le.whl", hash = "sha256:f97e83fa6c25693c7a35de154681fcc257c1c41b38beb0304b9c4d2d9e164479"},
    {file = "charset_normalizer-3.0.1-cp38-cp38-musllinux_1_1_s390x.whl", hash = "sha256:a152f5f33d64a6be73f1d30c9cc82dfc73cec6477ec268e7c6e4c7d23c2d2291"},
    {file = "charset_normalizer-3.0.1-cp38-cp38-musllinux_1_1_x86_64.whl", hash = "sha256:39049da0ffb96c8cbb65cbf5c5f3ca3168990adf3551bd1dee10c48fce8ae820"},
    {file = "charset_normalizer-3.0.1-cp38-cp38-win32.whl", hash = "sha256:4457ea6774b5611f4bed5eaa5df55f70abde42364d498c5134b7ef4c6958e20e"},
    {file = "charset_normalizer-3.0.1-cp38-cp38-win_amd64.whl", hash = "sha256:e62164b50f84e20601c1ff8eb55620d2ad25fb81b59e3cd776a1902527a788af"},
    {file = "charset_normalizer-3.0.1-cp39-cp39-macosx_10_9_universal2.whl", hash = "sha256:8eade758719add78ec36dc13201483f8e9b5d940329285edcd5f70c0a9edbd7f"},
    {file = "charset_normalizer-3.0.1-cp39-cp39-macosx_10_9_x86_64.whl", hash = "sha256:8499ca8f4502af841f68135133d8258f7b32a53a1d594aa98cc52013fff55678"},
    {file = "charset_normalizer-3.0.1-cp39-cp39-macosx_11_0_arm64.whl", hash = "sha256:3fc1c4a2ffd64890aebdb3f97e1278b0cc72579a08ca4de8cd2c04799a3a22be"},
    {file = "charset_normalizer-3.0.1-cp39-cp39-manylinux_2_17_aarch64.manylinux2014_aarch64.whl", hash = "sha256:00d3ffdaafe92a5dc603cb9bd5111aaa36dfa187c8285c543be562e61b755f6b"},
    {file = "charset_normalizer-3.0.1-cp39-cp39-manylinux_2_17_ppc64le.manylinux2014_ppc64le.whl", hash = "sha256:c2ac1b08635a8cd4e0cbeaf6f5e922085908d48eb05d44c5ae9eabab148512ca"},
    {file = "charset_normalizer-3.0.1-cp39-cp39-manylinux_2_17_s390x.manylinux2014_s390x.whl", hash = "sha256:f6f45710b4459401609ebebdbcfb34515da4fc2aa886f95107f556ac69a9147e"},
    {file = "charset_normalizer-3.0.1-cp39-cp39-manylinux_2_17_x86_64.manylinux2014_x86_64.whl", hash = "sha256:3ae1de54a77dc0d6d5fcf623290af4266412a7c4be0b1ff7444394f03f5c54e3"},
    {file = "charset_normalizer-3.0.1-cp39-cp39-manylinux_2_5_i686.manylinux1_i686.manylinux_2_17_i686.manylinux2014_i686.whl", hash = "sha256:3b590df687e3c5ee0deef9fc8c547d81986d9a1b56073d82de008744452d6541"},
    {file = "charset_normalizer-3.0.1-cp39-cp39-musllinux_1_1_aarch64.whl", hash = "sha256:ab5de034a886f616a5668aa5d098af2b5385ed70142090e2a31bcbd0af0fdb3d"},
    {file = "charset_normalizer-3.0.1-cp39-cp39-musllinux_1_1_i686.whl", hash = "sha256:9cb3032517f1627cc012dbc80a8ec976ae76d93ea2b5feaa9d2a5b8882597579"},
    {file = "charset_normalizer-3.0.1-cp39-cp39-musllinux_1_1_ppc64le.whl", hash = "sha256:608862a7bf6957f2333fc54ab4399e405baad0163dc9f8d99cb236816db169d4"},
    {file = "charset_normalizer-3.0.1-cp39-cp39-musllinux_1_1_s390x.whl", hash = "sha256:0f438ae3532723fb6ead77e7c604be7c8374094ef4ee2c5e03a3a17f1fca256c"},
    {file = "charset_normalizer-3.0.1-cp39-cp39-musllinux_1_1_x86_64.whl", hash = "sha256:356541bf4381fa35856dafa6a965916e54bed415ad8a24ee6de6e37deccf2786"},
    {file = "charset_normalizer-3.0.1-cp39-cp39-win32.whl", hash = "sha256:39cf9ed17fe3b1bc81f33c9ceb6ce67683ee7526e65fde1447c772afc54a1bb8"},
    {file = "charset_normalizer-3.0.1-cp39-cp39-win_amd64.whl", hash = "sha256:0a11e971ed097d24c534c037d298ad32c6ce81a45736d31e0ff0ad37ab437d59"},
    {file = "charset_normalizer-3.0.1-py3-none-any.whl", hash = "sha256:7e189e2e1d3ed2f4aebabd2d5b0f931e883676e51c7624826e0a4e5fe8a0bf24"},
]

[[package]]
name = "google-api-core"
version = "2.11.0"
description = "Google API client core library"
category = "main"
optional = false
python-versions = ">=3.7"
files = [
    {file = "google-api-core-2.11.0.tar.gz", hash = "sha256:4b9bb5d5a380a0befa0573b302651b8a9a89262c1730e37bf423cec511804c22"},
    {file = "google_api_core-2.11.0-py3-none-any.whl", hash = "sha256:ce222e27b0de0d7bc63eb043b956996d6dccab14cc3b690aaea91c9cc99dc16e"},
]

[package.dependencies]
google-auth = ">=2.14.1,<3.0dev"
googleapis-common-protos = ">=1.56.2,<2.0dev"
protobuf = ">=3.19.5,<3.20.0 || >3.20.0,<3.20.1 || >3.20.1,<4.21.0 || >4.21.0,<4.21.1 || >4.21.1,<4.21.2 || >4.21.2,<4.21.3 || >4.21.3,<4.21.4 || >4.21.4,<4.21.5 || >4.21.5,<5.0.0dev"
requests = ">=2.18.0,<3.0.0dev"

[package.extras]
grpc = ["grpcio (>=1.33.2,<2.0dev)", "grpcio (>=1.49.1,<2.0dev)", "grpcio-status (>=1.33.2,<2.0dev)", "grpcio-status (>=1.49.1,<2.0dev)"]
grpcgcp = ["grpcio-gcp (>=0.2.2,<1.0dev)"]
grpcio-gcp = ["grpcio-gcp (>=0.2.2,<1.0dev)"]

[[package]]
name = "google-auth"
version = "2.16.2"
description = "Google Authentication Library"
category = "main"
optional = false
python-versions = ">=2.7,!=3.0.*,!=3.1.*,!=3.2.*,!=3.3.*,!=3.4.*,!=3.5.*"
files = [
    {file = "google-auth-2.16.2.tar.gz", hash = "sha256:07e14f34ec288e3f33e00e2e3cc40c8942aa5d4ceac06256a28cd8e786591420"},
    {file = "google_auth-2.16.2-py2.py3-none-any.whl", hash = "sha256:2fef3cf94876d1a0e204afece58bb4d83fb57228aaa366c64045039fda6770a2"},
]

[package.dependencies]
cachetools = ">=2.0.0,<6.0"
pyasn1-modules = ">=0.2.1"
rsa = {version = ">=3.1.4,<5", markers = "python_version >= \"3.6\""}
six = ">=1.9.0"

[package.extras]
aiohttp = ["aiohttp (>=3.6.2,<4.0.0dev)", "requests (>=2.20.0,<3.0.0dev)"]
enterprise-cert = ["cryptography (==36.0.2)", "pyopenssl (==22.0.0)"]
pyopenssl = ["cryptography (>=38.0.3)", "pyopenssl (>=20.0.0)"]
reauth = ["pyu2f (>=0.1.5)"]
requests = ["requests (>=2.20.0,<3.0.0dev)"]

[[package]]
name = "google-cloud"
version = "0.34.0"
description = "API Client library for Google Cloud"
category = "main"
optional = false
python-versions = "*"
files = [
    {file = "google-cloud-0.34.0.tar.gz", hash = "sha256:01430187cf56df10a9ba775dd547393185d4b40741db0ea5889301f8e7a9d5d3"},
    {file = "google_cloud-0.34.0-py2.py3-none-any.whl", hash = "sha256:fb1ab7b0548fe44b3d538041f0a374505b7f990d448a935ea36649c5ccab5acf"},
]

[[package]]
name = "googleapis-common-protos"
version = "1.58.0"
description = "Common protobufs used in Google APIs"
category = "main"
optional = false
python-versions = ">=3.7"
files = [
    {file = "googleapis-common-protos-1.58.0.tar.gz", hash = "sha256:c727251ec025947d545184ba17e3578840fc3a24a0516a020479edab660457df"},
    {file = "googleapis_common_protos-1.58.0-py2.py3-none-any.whl", hash = "sha256:ca3befcd4580dab6ad49356b46bf165bb68ff4b32389f028f1abd7c10ab9519a"},
]

[package.dependencies]
protobuf = ">=3.19.5,<3.20.0 || >3.20.0,<3.20.1 || >3.20.1,<4.21.1 || >4.21.1,<4.21.2 || >4.21.2,<4.21.3 || >4.21.3,<4.21.4 || >4.21.4,<4.21.5 || >4.21.5,<5.0.0dev"

[package.extras]
grpc = ["grpcio (>=1.44.0,<2.0.0dev)"]

[[package]]
name = "grpcio"
version = "1.51.3"
description = "HTTP/2-based RPC framework"
category = "main"
optional = false
python-versions = ">=3.7"
files = [
    {file = "grpcio-1.51.3-cp310-cp310-linux_armv7l.whl", hash = "sha256:f601aaeae18dab81930fb8d4f916b0da21e89bb4b5f7367ef793f46b4a76b7b0"},
    {file = "grpcio-1.51.3-cp310-cp310-macosx_12_0_universal2.whl", hash = "sha256:eef0450a4b5ed11feab639bf3eb1b6e23d0efa9b911bf7b06fb60e14f5f8a585"},
    {file = "grpcio-1.51.3-cp310-cp310-manylinux_2_17_aarch64.whl", hash = "sha256:82b0ad8ac825d4bb31bff9f638557c045f4a6d824d84b21e893968286f88246b"},
    {file = "grpcio-1.51.3-cp310-cp310-manylinux_2_17_i686.manylinux2014_i686.whl", hash = "sha256:3667c06e37d6cd461afdd51cefe6537702f3d1dc5ff4cac07e88d8b4795dc16f"},
    {file = "grpcio-1.51.3-cp310-cp310-manylinux_2_17_x86_64.manylinux2014_x86_64.whl", hash = "sha256:3709048fe0aa23dda09b3e69849a12055790171dab9e399a72ea8f9dfbf9ac80"},
    {file = "grpcio-1.51.3-cp310-cp310-musllinux_1_1_i686.whl", hash = "sha256:200d69857f9910f7458b39b9bcf83ee4a180591b40146ba9e49314e3a7419313"},
    {file = "grpcio-1.51.3-cp310-cp310-musllinux_1_1_x86_64.whl", hash = "sha256:cd9a5e68e79c5f031500e67793048a90209711e0854a9ddee8a3ce51728de4e5"},
    {file = "grpcio-1.51.3-cp310-cp310-win32.whl", hash = "sha256:6604f614016127ae10969176bbf12eb0e03d2fb3d643f050b3b69e160d144fb4"},
    {file = "grpcio-1.51.3-cp310-cp310-win_amd64.whl", hash = "sha256:e95c7ccd4c5807adef1602005513bf7c7d14e5a41daebcf9d8d30d8bf51b8f81"},
    {file = "grpcio-1.51.3-cp311-cp311-linux_armv7l.whl", hash = "sha256:5e77ee138100f0bb55cbd147840f87ee6241dbd25f09ea7cd8afe7efff323449"},
    {file = "grpcio-1.51.3-cp311-cp311-macosx_10_10_universal2.whl", hash = "sha256:68a7514b754e38e8de9075f7bb4dee919919515ec68628c43a894027e40ddec4"},
    {file = "grpcio-1.51.3-cp311-cp311-manylinux_2_17_i686.manylinux2014_i686.whl", hash = "sha256:3c1b9f8afa62ff265d86a4747a2990ec5a96e4efce5d5888f245a682d66eca47"},
    {file = "grpcio-1.51.3-cp311-cp311-manylinux_2_17_x86_64.manylinux2014_x86_64.whl", hash = "sha256:8de30f0b417744288cec65ec8cf84b8a57995cf7f1e84ccad2704d93f05d0aae"},
    {file = "grpcio-1.51.3-cp311-cp311-musllinux_1_1_i686.whl", hash = "sha256:b69c7adc7ed60da1cb1b502853db61f453fc745f940cbcc25eb97c99965d8f41"},
    {file = "grpcio-1.51.3-cp311-cp311-musllinux_1_1_x86_64.whl", hash = "sha256:d81528ffe0e973dc840ec73a4132fd18b8203ad129d7410155d951a0a7e4f5d0"},
    {file = "grpcio-1.51.3-cp311-cp311-win32.whl", hash = "sha256:040eb421613b57c696063abde405916dd830203c184c9000fc8c3b3b3c950325"},
    {file = "grpcio-1.51.3-cp311-cp311-win_amd64.whl", hash = "sha256:2a8e17286c4240137d933b8ca506465472248b4ce0fe46f3404459e708b65b68"},
    {file = "grpcio-1.51.3-cp37-cp37m-linux_armv7l.whl", hash = "sha256:d5cd1389669a847555df54177b911d9ff6f17345b2a6f19388707b7a9f724c88"},
    {file = "grpcio-1.51.3-cp37-cp37m-macosx_10_10_universal2.whl", hash = "sha256:be1bf35ce82cdbcac14e39d5102d8de4079a1c1a6a06b68e41fcd9ef64f9dd28"},
    {file = "grpcio-1.51.3-cp37-cp37m-manylinux_2_17_aarch64.whl", hash = "sha256:5eed34994c095e2bf7194ffac7381c6068b057ef1e69f8f08db77771350a7566"},
    {file = "grpcio-1.51.3-cp37-cp37m-manylinux_2_17_i686.manylinux2014_i686.whl", hash = "sha256:3f9a7d88082b2a17ae7bd3c2354d13bab0453899e0851733f6afa6918373f476"},
    {file = "grpcio-1.51.3-cp37-cp37m-manylinux_2_17_x86_64.manylinux2014_x86_64.whl", hash = "sha256:36c8abbc5f837111e7bd619612eedc223c290b0903b952ce0c7b00840ea70f14"},
    {file = "grpcio-1.51.3-cp37-cp37m-musllinux_1_1_i686.whl", hash = "sha256:165b05af77e6aecb4210ae7663e25acf234ba78a7c1c157fa5f2efeb0d6ec53c"},
    {file = "grpcio-1.51.3-cp37-cp37m-musllinux_1_1_x86_64.whl", hash = "sha256:54e36c2ee304ff15f2bfbdc43d2b56c63331c52d818c364e5b5214e5bc2ad9f6"},
    {file = "grpcio-1.51.3-cp37-cp37m-win32.whl", hash = "sha256:cd0daac21d9ef5e033a5100c1d3aa055bbed28bfcf070b12d8058045c4e821b1"},
    {file = "grpcio-1.51.3-cp37-cp37m-win_amd64.whl", hash = "sha256:2fdd6333ce96435408565a9dbbd446212cd5d62e4d26f6a3c0feb1e3c35f1cc8"},
    {file = "grpcio-1.51.3-cp38-cp38-linux_armv7l.whl", hash = "sha256:54b0c29bdd9a3b1e1b61443ab152f060fc719f1c083127ab08d03fac5efd51be"},
    {file = "grpcio-1.51.3-cp38-cp38-macosx_10_10_universal2.whl", hash = "sha256:ffaaf7e93fcb437356b5a4b23bf36e8a3d0221399ff77fd057e4bc77776a24be"},
    {file = "grpcio-1.51.3-cp38-cp38-manylinux_2_17_aarch64.whl", hash = "sha256:eafbe7501a3268d05f2e450e1ddaffb950d842a8620c13ec328b501d25d2e2c3"},
    {file = "grpcio-1.51.3-cp38-cp38-manylinux_2_17_i686.manylinux2014_i686.whl", hash = "sha256:881ecb34feabf31c6b3b9bbbddd1a5b57e69f805041e5a2c6c562a28574f71c4"},
    {file = "grpcio-1.51.3-cp38-cp38-manylinux_2_17_x86_64.manylinux2014_x86_64.whl", hash = "sha256:e860a3222139b41d430939bbec2ec9c3f6c740938bf7a04471a9a8caaa965a2e"},
    {file = "grpcio-1.51.3-cp38-cp38-musllinux_1_1_i686.whl", hash = "sha256:49ede0528e9dac7e8a9fe30b16c73b630ddd9a576bf4b675eb6b0c53ee5ca00f"},
    {file = "grpcio-1.51.3-cp38-cp38-musllinux_1_1_x86_64.whl", hash = "sha256:6972b009638b40a448d10e1bc18e2223143b8a7aa20d7def0d78dd4af4126d12"},
    {file = "grpcio-1.51.3-cp38-cp38-win32.whl", hash = "sha256:5694448256e3cdfe5bd358f1574a3f2f51afa20cc834713c4b9788d60b7cc646"},
    {file = "grpcio-1.51.3-cp38-cp38-win_amd64.whl", hash = "sha256:3ea4341efe603b049e8c9a5f13c696ca37fcdf8a23ca35f650428ad3606381d9"},
    {file = "grpcio-1.51.3-cp39-cp39-linux_armv7l.whl", hash = "sha256:6c677581ce129f5fa228b8f418cee10bd28dd449f3a544ea73c8ba590ee49d0b"},
    {file = "grpcio-1.51.3-cp39-cp39-macosx_10_10_universal2.whl", hash = "sha256:30e09b5e0531685e176f49679b6a3b190762cc225f4565e55a899f5e14b3aa62"},
    {file = "grpcio-1.51.3-cp39-cp39-manylinux_2_17_aarch64.whl", hash = "sha256:c831f31336e81243f85b6daff3e5e8a123302ce0ea1f2726ad752fd7a59f3aee"},
    {file = "grpcio-1.51.3-cp39-cp39-manylinux_2_17_i686.manylinux2014_i686.whl", hash = "sha256:2cd2e4cefb724cab1ba2df4b7535a9980531b9ec51b4dbb5f137a1f3a3754ef0"},
    {file = "grpcio-1.51.3-cp39-cp39-manylinux_2_17_x86_64.manylinux2014_x86_64.whl", hash = "sha256:f7a0d0bf44438869d307f85a54f25a896ad6b4b0ca12370f76892ad732928d87"},
    {file = "grpcio-1.51.3-cp39-cp39-musllinux_1_1_i686.whl", hash = "sha256:c02abd55409bfb293371554adf6a4401197ec2133dd97727c01180889014ba4d"},
    {file = "grpcio-1.51.3-cp39-cp39-musllinux_1_1_x86_64.whl", hash = "sha256:2f8ff75e61e1227ba7a3f16b2eadbcc11d0a54096d52ab75a6b88cfbe56f55d1"},
    {file = "grpcio-1.51.3-cp39-cp39-win32.whl", hash = "sha256:6c99a73a6260bdf844b2e5ddad02dcd530310f80e1fa72c300fa19c1c7496962"},
    {file = "grpcio-1.51.3-cp39-cp39-win_amd64.whl", hash = "sha256:22bdfac4f7f27acdd4da359b5e7e1973dc74bf1ed406729b07d0759fde2f064b"},
    {file = "grpcio-1.51.3.tar.gz", hash = "sha256:be7b2265b7527bb12109a7727581e274170766d5b3c9258d4e466f4872522d7a"},
]

[package.extras]
protobuf = ["grpcio-tools (>=1.51.3)"]

[[package]]
name = "grpcio-tools"
version = "1.51.3"
description = "Protobuf code generator for gRPC"
category = "main"
optional = false
python-versions = ">=3.7"
files = [
    {file = "grpcio-tools-1.51.3.tar.gz", hash = "sha256:4fea28e3dd31871579a57058796a78093c75b74b74e9de2f2b7a7fd9a443d403"},
    {file = "grpcio_tools-1.51.3-cp310-cp310-linux_armv7l.whl", hash = "sha256:779ac1ad2258b8debaa45595bfb3814806ed8880e3ea7f194e551d76a6255969"},
    {file = "grpcio_tools-1.51.3-cp310-cp310-macosx_12_0_universal2.whl", hash = "sha256:83bf605fe2b3591d3c8a78646f37c72c5832c4dd84b5f92405c17cb10b136be6"},
    {file = "grpcio_tools-1.51.3-cp310-cp310-manylinux_2_17_aarch64.whl", hash = "sha256:35f885c5afd8e6a77d320f5a9624b439a93f9be2b87fa7b7948c1ad7b2ba0894"},
    {file = "grpcio_tools-1.51.3-cp310-cp310-manylinux_2_17_i686.manylinux2014_i686.whl", hash = "sha256:253b639fb79a4d28ce494ae40e5695bf1e2cb4a05f205fc433c46b2049ab4d99"},
    {file = "grpcio_tools-1.51.3-cp310-cp310-manylinux_2_17_x86_64.manylinux2014_x86_64.whl", hash = "sha256:0c6b145587d6062e2335f0b3286501dd6853a1ea50bd466a913351b7c48e5f20"},
    {file = "grpcio_tools-1.51.3-cp310-cp310-musllinux_1_1_i686.whl", hash = "sha256:046c0b1e372d4acf552aa0c8f5e830f019d67b75f25aeb0968d15fbdd3eaabd3"},
    {file = "grpcio_tools-1.51.3-cp310-cp310-musllinux_1_1_x86_64.whl", hash = "sha256:efc90b0287908c46281eb61933acaa1b96a575d0160fc98b5c64b9dec46f60d1"},
    {file = "grpcio_tools-1.51.3-cp310-cp310-win32.whl", hash = "sha256:8e9df40db7a0edd403b539cc142d6114270e35debf723a5b4a7a93d5c30fffc0"},
    {file = "grpcio_tools-1.51.3-cp310-cp310-win_amd64.whl", hash = "sha256:077adaee431c2b040dd77923964577087c32e828908e8fa2e53f8e003ad408c9"},
    {file = "grpcio_tools-1.51.3-cp311-cp311-linux_armv7l.whl", hash = "sha256:b50f9b8a6482a90c1a41e731a879a130f7dea267065d0a06f47c9160ce5d01c3"},
    {file = "grpcio_tools-1.51.3-cp311-cp311-macosx_10_10_universal2.whl", hash = "sha256:89a68adcb4238aba69f3a364ac02c9a46e55b9e3fd8af1c6f384079abfa9347c"},
    {file = "grpcio_tools-1.51.3-cp311-cp311-manylinux_2_17_i686.manylinux2014_i686.whl", hash = "sha256:78d177da43e7f6fde6715df4a3015ae13158166bc2845ac7f9cfb526eafb41b8"},
    {file = "grpcio_tools-1.51.3-cp311-cp311-manylinux_2_17_x86_64.manylinux2014_x86_64.whl", hash = "sha256:793f9edef82f600a3324f8a3d8cd8318a8d02f28fb54f8236cbb35ce0928d186"},
    {file = "grpcio_tools-1.51.3-cp311-cp311-musllinux_1_1_i686.whl", hash = "sha256:f7583735542ced7d30baec6cc21bffeaffcec1523bf807e8f8f0047113b6d30a"},
    {file = "grpcio_tools-1.51.3-cp311-cp311-musllinux_1_1_x86_64.whl", hash = "sha256:f2df233a3e7db23d9b516cb5e2bfe029465f40a72978bee0584e44e7860ea73f"},
    {file = "grpcio_tools-1.51.3-cp311-cp311-win32.whl", hash = "sha256:7427939455735fbf2ea88c37f1585c9c8b809eec7b447642f34465eb4d26020b"},
    {file = "grpcio_tools-1.51.3-cp311-cp311-win_amd64.whl", hash = "sha256:ba76d15fd149b575170fa32a1f6a9ff2b38ff9db223229a8ad6f53450a452688"},
    {file = "grpcio_tools-1.51.3-cp37-cp37m-linux_armv7l.whl", hash = "sha256:d2212c682529263b3c9e903092d0ccbb9fc6afba820e4c2fa52c2c27720cdcae"},
    {file = "grpcio_tools-1.51.3-cp37-cp37m-macosx_10_10_universal2.whl", hash = "sha256:405656b3cf9639427e6c30a795570cba4a7c06b88a3145866f7d2c05b7e048b4"},
    {file = "grpcio_tools-1.51.3-cp37-cp37m-manylinux_2_17_aarch64.whl", hash = "sha256:3c445a064b2ef3d3475e26e2add8ddb4ac2933741ecddf71d5b071a3ad078db4"},
    {file = "grpcio_tools-1.51.3-cp37-cp37m-manylinux_2_17_i686.manylinux2014_i686.whl", hash = "sha256:c7b3374f4a6579c58d16a5fab2e6b4e9bb8625a034a7f4cd6024f4d1cc12f2a0"},
    {file = "grpcio_tools-1.51.3-cp37-cp37m-manylinux_2_17_x86_64.manylinux2014_x86_64.whl", hash = "sha256:46e8df08b65f9379c3f103147b29542b0141ca84e77d0eee9114ca5f9b3f0d23"},
    {file = "grpcio_tools-1.51.3-cp37-cp37m-musllinux_1_1_i686.whl", hash = "sha256:2fade12de08923b350475ca16d0d0bd68578c30fce89147aa0f94ef5759bc5a9"},
    {file = "grpcio_tools-1.51.3-cp37-cp37m-musllinux_1_1_x86_64.whl", hash = "sha256:d4ffb6325ed489065dbdca764cf37c3a29376bc657874116c9af788d7a0d2ee4"},
    {file = "grpcio_tools-1.51.3-cp37-cp37m-win32.whl", hash = "sha256:f8d17271fc58ed3503dd571c79917e126deca51f85f093770a9606e806aac9dc"},
    {file = "grpcio_tools-1.51.3-cp37-cp37m-win_amd64.whl", hash = "sha256:ef849687c7f2bd7f3277edc7c7cafc7042823d0fb078e3c01c861eb0c96ed181"},
    {file = "grpcio_tools-1.51.3-cp38-cp38-linux_armv7l.whl", hash = "sha256:7fd18d8d211fbfd337fc12e5bdd57e62368f636addf901d290e68a39f1dfea38"},
    {file = "grpcio_tools-1.51.3-cp38-cp38-macosx_10_10_universal2.whl", hash = "sha256:233fc56f054424232e2086f444004413e33c699174ce6ee0e279c25227243fec"},
    {file = "grpcio_tools-1.51.3-cp38-cp38-manylinux_2_17_aarch64.whl", hash = "sha256:867fa1973fa8b0772077c15425f122f672a18b1c53709a8a2bff9d056db4c20e"},
    {file = "grpcio_tools-1.51.3-cp38-cp38-manylinux_2_17_i686.manylinux2014_i686.whl", hash = "sha256:b486a99bdf2722e68a9d59769389e2fb86878b6f293be5111f7678e364a0c359"},
    {file = "grpcio_tools-1.51.3-cp38-cp38-manylinux_2_17_x86_64.manylinux2014_x86_64.whl", hash = "sha256:c8bbf412c357999f88d87f421fd48b4b114fc037fec7bbaed0cb7620c24a5e44"},
    {file = "grpcio_tools-1.51.3-cp38-cp38-musllinux_1_1_i686.whl", hash = "sha256:1166744c40821bb0aa605d2af2287fac367756f858a3d18f4c3d25bc0b92757b"},
    {file = "grpcio_tools-1.51.3-cp38-cp38-musllinux_1_1_x86_64.whl", hash = "sha256:781896c488e07b9463196045e6725e52d018cd7d0e1062d4ab1eee2647ca9170"},
    {file = "grpcio_tools-1.51.3-cp38-cp38-win32.whl", hash = "sha256:35c1ee7c766eb586f04ba41fa7711eb847767eb277a1737998374ac57768f1f0"},
    {file = "grpcio_tools-1.51.3-cp38-cp38-win_amd64.whl", hash = "sha256:584b201fb39307dcb1affcf2647656a0e6244423ef1659cc6caa3ff85c5ae5c1"},
    {file = "grpcio_tools-1.51.3-cp39-cp39-linux_armv7l.whl", hash = "sha256:e02231e21029f716a1d23a0b5e664fa243d147da33a3f55088a9529b860aa4ac"},
    {file = "grpcio_tools-1.51.3-cp39-cp39-macosx_10_10_universal2.whl", hash = "sha256:fbb742e10bd548031b8d80f7c28eb70c7c3a9850f8e99c98cd496f19a05f9fee"},
    {file = "grpcio_tools-1.51.3-cp39-cp39-manylinux_2_17_aarch64.whl", hash = "sha256:a836a72c657f751244cdb358c3461a89627e6d02654079d2450cfe361800428c"},
    {file = "grpcio_tools-1.51.3-cp39-cp39-manylinux_2_17_i686.manylinux2014_i686.whl", hash = "sha256:bb554408e0ec5ff5201013f268726d9eef8e5bd1fd4b4e09c46c0b4a9de8b64c"},
    {file = "grpcio_tools-1.51.3-cp39-cp39-manylinux_2_17_x86_64.manylinux2014_x86_64.whl", hash = "sha256:158c5bfe7e157fd9a944bde9f7dfe3b468416666e4fade77cd17caa3edc8bd81"},
    {file = "grpcio_tools-1.51.3-cp39-cp39-musllinux_1_1_i686.whl", hash = "sha256:715c792679224171c0584e9f235b921d76f8990deb38b0d1215d0469301d9cd9"},
    {file = "grpcio_tools-1.51.3-cp39-cp39-musllinux_1_1_x86_64.whl", hash = "sha256:ece44f42b10e0bceb49235be1e361e1ee69afee7f938c82fb656a601a4a720e3"},
    {file = "grpcio_tools-1.51.3-cp39-cp39-win32.whl", hash = "sha256:980e632710ba05e04364c6f276e905d5d367437f1ce2265ce7b96b5c1eac5693"},
    {file = "grpcio_tools-1.51.3-cp39-cp39-win_amd64.whl", hash = "sha256:5f4c47b14e66f80365cd5667ecc2f7fb0eb91e02c4e54362041b758feaa00511"},
]

[package.dependencies]
grpcio = ">=1.51.3"
protobuf = ">=4.21.6,<5.0dev"
setuptools = "*"

[[package]]
name = "idna"
version = "3.4"
description = "Internationalized Domain Names in Applications (IDNA)"
category = "main"
optional = false
python-versions = ">=3.5"
files = [
    {file = "idna-3.4-py3-none-any.whl", hash = "sha256:90b77e79eaa3eba6de819a0c442c0b4ceefc341a7a2ab77d7562bf49f425c5c2"},
    {file = "idna-3.4.tar.gz", hash = "sha256:814f528e8dead7d329833b91c5faa87d60bf71824cd12a7530b5526063d02cb4"},
]

[[package]]
name = "protobuf"
version = "4.22.0"
description = ""
category = "main"
optional = false
python-versions = ">=3.7"
files = [
    {file = "protobuf-4.22.0-cp310-abi3-win32.whl", hash = "sha256:b2fea9dc8e3c0f32c38124790ef16cba2ee0628fe2022a52e435e1117bfef9b1"},
    {file = "protobuf-4.22.0-cp310-abi3-win_amd64.whl", hash = "sha256:a33a273d21852f911b8bda47f39f4383fe7c061eb1814db2c76c9875c89c2491"},
    {file = "protobuf-4.22.0-cp37-abi3-macosx_10_9_universal2.whl", hash = "sha256:e894e9ae603e963f0842498c4cd5d39c6a60f0d7e4c103df50ee939564298658"},
    {file = "protobuf-4.22.0-cp37-abi3-manylinux2014_aarch64.whl", hash = "sha256:7c535d126e7dcc714105ab20b418c4fedbd28f8b8afc42b7350b1e317bbbcc71"},
    {file = "protobuf-4.22.0-cp37-abi3-manylinux2014_x86_64.whl", hash = "sha256:86c3d20428b007537ba6792b475c0853bba7f66b1f60e610d913b77d94b486e4"},
    {file = "protobuf-4.22.0-cp37-cp37m-win32.whl", hash = "sha256:1669cb7524221a8e2d9008d0842453dbefdd0fcdd64d67672f657244867635fb"},
    {file = "protobuf-4.22.0-cp37-cp37m-win_amd64.whl", hash = "sha256:ab4d043865dd04e6b09386981fe8f80b39a1e46139fb4a3c206229d6b9f36ff6"},
    {file = "protobuf-4.22.0-cp38-cp38-win32.whl", hash = "sha256:29288813aacaa302afa2381db1d6e0482165737b0afdf2811df5fa99185c457b"},
    {file = "protobuf-4.22.0-cp38-cp38-win_amd64.whl", hash = "sha256:e474b63bab0a2ea32a7b26a4d8eec59e33e709321e5e16fb66e766b61b82a95e"},
    {file = "protobuf-4.22.0-cp39-cp39-win32.whl", hash = "sha256:47d31bdf58222dd296976aa1646c68c6ee80b96d22e0a3c336c9174e253fd35e"},
    {file = "protobuf-4.22.0-cp39-cp39-win_amd64.whl", hash = "sha256:c27f371f0159feb70e6ea52ed7e768b3f3a4c5676c1900a7e51a24740381650e"},
    {file = "protobuf-4.22.0-py3-none-any.whl", hash = "sha256:c3325803095fb4c2a48649c321d2fbde59f8fbfcb9bfc7a86df27d112831c571"},
    {file = "protobuf-4.22.0.tar.gz", hash = "sha256:652d8dfece122a24d98eebfef30e31e455d300efa41999d1182e015984ac5930"},
]

[[package]]
name = "pyasn1"
version = "0.4.8"
description = "ASN.1 types and codecs"
category = "main"
optional = false
python-versions = "*"
files = [
    {file = "pyasn1-0.4.8-py2.py3-none-any.whl", hash = "sha256:39c7e2ec30515947ff4e87fb6f456dfc6e84857d34be479c9d4a4ba4bf46aa5d"},
    {file = "pyasn1-0.4.8.tar.gz", hash = "sha256:aef77c9fb94a3ac588e87841208bdec464471d9871bd5050a287cc9a475cd0ba"},
]

[[package]]
name = "pyasn1-modules"
version = "0.2.8"
description = "A collection of ASN.1-based protocols modules."
category = "main"
optional = false
python-versions = "*"
files = [
    {file = "pyasn1-modules-0.2.8.tar.gz", hash = "sha256:905f84c712230b2c592c19470d3ca8d552de726050d1d1716282a1f6146be65e"},
    {file = "pyasn1_modules-0.2.8-py2.py3-none-any.whl", hash = "sha256:a50b808ffeb97cb3601dd25981f6b016cbb3d31fbf57a8b8a87428e6158d0c74"},
]

[package.dependencies]
pyasn1 = ">=0.4.6,<0.5.0"

[[package]]
name = "pynumaflow"
version = "0.3.3"
description = "Provides the interfaces of writing Python User Defined Functions and Sinks for NumaFlow."
category = "main"
optional = false
python-versions = ">=3.8, <3.11"
files = []
develop = false

[package.dependencies]
google-api-core = "^2.11.0"
google-cloud = "^0.34.0"
grpcio = "^1.48.1"
grpcio-tools = "^1.48.1"
protobuf = "~4.22.0"

[package.source]
type = "git"
url = "https://github.com/KeranYang/numaflow-python"
reference = "mapt"
resolved_reference = "9f7f4b17ad263d0c0099bff75ef3bc5d7d37ddb6"

[[package]]
name = "requests"
version = "2.28.2"
description = "Python HTTP for Humans."
category = "main"
optional = false
python-versions = ">=3.7, <4"
files = [
    {file = "requests-2.28.2-py3-none-any.whl", hash = "sha256:64299f4909223da747622c030b781c0d7811e359c37124b4bd368fb8c6518baa"},
    {file = "requests-2.28.2.tar.gz", hash = "sha256:98b1b2782e3c6c4904938b84c0eb932721069dfdb9134313beff7c83c2df24bf"},
]

[package.dependencies]
certifi = ">=2017.4.17"
charset-normalizer = ">=2,<4"
idna = ">=2.5,<4"
urllib3 = ">=1.21.1,<1.27"

[package.extras]
socks = ["PySocks (>=1.5.6,!=1.5.7)"]
use-chardet-on-py3 = ["chardet (>=3.0.2,<6)"]

[[package]]
name = "rsa"
version = "4.9"
description = "Pure-Python RSA implementation"
category = "main"
optional = false
python-versions = ">=3.6,<4"
files = [
    {file = "rsa-4.9-py3-none-any.whl", hash = "sha256:90260d9058e514786967344d0ef75fa8727eed8a7d2e43ce9f4bcf1b536174f7"},
    {file = "rsa-4.9.tar.gz", hash = "sha256:e38464a49c6c85d7f1351b0126661487a7e0a14a50f1675ec50eb34d4f20ef21"},
]

[package.dependencies]
pyasn1 = ">=0.1.3"

[[package]]
name = "setuptools"
version = "67.4.0"
description = "Easily download, build, install, upgrade, and uninstall Python packages"
category = "main"
optional = false
python-versions = ">=3.7"
files = [
    {file = "setuptools-67.4.0-py3-none-any.whl", hash = "sha256:f106dee1b506dee5102cc3f3e9e68137bbad6d47b616be7991714b0c62204251"},
    {file = "setuptools-67.4.0.tar.gz", hash = "sha256:e5fd0a713141a4a105412233c63dc4e17ba0090c8e8334594ac790ec97792330"},
]

[package.extras]
docs = ["furo", "jaraco.packaging (>=9)", "jaraco.tidelift (>=1.4)", "pygments-github-lexers (==0.0.5)", "rst.linker (>=1.9)", "sphinx (>=3.5)", "sphinx-favicon", "sphinx-hoverxref (<2)", "sphinx-inline-tabs", "sphinx-lint", "sphinx-notfound-page (==0.8.3)", "sphinx-reredirects", "sphinxcontrib-towncrier"]
testing = ["build[virtualenv]", "filelock (>=3.4.0)", "flake8 (<5)", "flake8-2020", "ini2toml[lite] (>=0.9)", "jaraco.envs (>=2.2)", "jaraco.path (>=3.2.0)", "pip (>=19.1)", "pip-run (>=8.8)", "pytest (>=6)", "pytest-black (>=0.3.7)", "pytest-checkdocs (>=2.4)", "pytest-cov", "pytest-enabler (>=1.3)", "pytest-flake8", "pytest-mypy (>=0.9.1)", "pytest-perf", "pytest-timeout", "pytest-xdist", "tomli-w (>=1.0.0)", "virtualenv (>=13.0.0)", "wheel"]
testing-integration = ["build[virtualenv]", "filelock (>=3.4.0)", "jaraco.envs (>=2.2)", "jaraco.path (>=3.2.0)", "pytest", "pytest-enabler", "pytest-xdist", "tomli", "virtualenv (>=13.0.0)", "wheel"]

[[package]]
name = "six"
version = "1.16.0"
description = "Python 2 and 3 compatibility utilities"
category = "main"
optional = false
python-versions = ">=2.7, !=3.0.*, !=3.1.*, !=3.2.*"
files = [
    {file = "six-1.16.0-py2.py3-none-any.whl", hash = "sha256:8abb2f1d86890a2dfb989f9a77cfcfd3e47c2a354b01111771326f8aa26e0254"},
    {file = "six-1.16.0.tar.gz", hash = "sha256:1e61c37477a1626458e36f7b1d82aa5c9b094fa4802892072e49de9c60c4c926"},
]

[[package]]
name = "urllib3"
version = "1.26.14"
description = "HTTP library with thread-safe connection pooling, file post, and more."
category = "main"
optional = false
python-versions = ">=2.7, !=3.0.*, !=3.1.*, !=3.2.*, !=3.3.*, !=3.4.*, !=3.5.*"
files = [
    {file = "urllib3-1.26.14-py2.py3-none-any.whl", hash = "sha256:75edcdc2f7d85b137124a6c3c9fc3933cdeaa12ecb9a6a959f22797a0feca7e1"},
    {file = "urllib3-1.26.14.tar.gz", hash = "sha256:076907bf8fd355cde77728471316625a4d2f7e713c125f51953bb5b3eecf4f72"},
]

[package.extras]
brotli = ["brotli (>=1.0.9)", "brotlicffi (>=0.8.0)", "brotlipy (>=0.6.0)"]
secure = ["certifi", "cryptography (>=1.3.4)", "idna (>=2.0.0)", "ipaddress", "pyOpenSSL (>=0.14)", "urllib3-secure-extra"]
socks = ["PySocks (>=1.5.6,!=1.5.7,<2.0)"]

[metadata]
lock-version = "2.0"
python-versions = ">=3.8, <3.11"
content-hash = "860260d3222e3e09bf279143253c1f43fc84ba4619ff483f1c1a16568128be51"
